
Microsoft Visual Studio Solution File, Format Version 12.00
# Visual Studio Version 16
VisualStudioVersion = 16.0.29009.5
MinimumVisualStudioVersion = 10.0.40219.1
Project("{FAE04EC0-301F-11D3-BF4B-00C04F79EFBC}") = "FluentValidationDemoForAspNetCore", "FluentValidationDemoForAspNetCore\FluentValidationDemoForAspNetCore.csproj", "{EC346186-B337-4978-83BE-570B0A72C549}"
EndProject
Global
	GlobalSection(SolutionConfigurationPlatforms) = preSolution
		Debug|Any CPU = Debug|Any CPU
		Release|Any CPU = Release|Any CPU
	EndGlobalSection
	GlobalSection(ProjectConfigurationPlatforms) = postSolution
		{EC346186-B337-4978-83BE-570B0A72C549}.Debug|Any CPU.ActiveCfg = Debug|Any CPU
		{EC346186-B337-4978-83BE-570B0A72C549}.Debug|Any CPU.Build.0 = Debug|Any CPU
		{EC346186-B337-4978-83BE-570B0A72C549}.Release|Any CPU.ActiveCfg = Release|Any CPU
		{EC346186-B337-4978-83BE-570B0A72C549}.Release|Any CPU.Build.0 = Release|Any CPU
	EndGlobalSection
	GlobalSection(SolutionProperties) = preSolution
		HideSolutionNode = FALSE
	EndGlobalSection
	GlobalSection(ExtensibilityGlobals) = postSolution
		SolutionGuid = {0986585D-D4DE-40AA-BCC4-F6F98BED8D17}
	EndGlobalSection
EndGlobal
